PODS:
  - MastodonKit (1.0.10)
  - Realm (3.5.0):
    - Realm/Headers (= 3.5.0)
  - Realm/Headers (3.5.0)
  - RealmSwift (3.5.0):
    - Realm (= 3.5.0)

DEPENDENCIES:
  - MastodonKit (~> 1.0)
  - RealmSwift

SPEC REPOS:
  https://github.com/CocoaPods/Specs.git:
    - MastodonKit
    - Realm
    - RealmSwift

SPEC CHECKSUMS:
  MastodonKit: 573c2b32491108599aef4d99addb0e13a154cd6a
  Realm: 0378021c424e4e2bd6a0e63b27881e929d9b9ad1
  RealmSwift: 3322562622fda2ad596985ead4d8d8be30cf838c

PODFILE CHECKSUM: 9689dab27919c9181e69e4d18c1668d2ca3a3329

COCOAPODS: 1.5.0
